
Microsoft Visual Studio Solution File, Format Version 12.00
# Visual Studio Version 17
VisualStudioVersion = 17.14.36221.1 d17.14
MinimumVisualStudioVersion = 10.0.40219.1
Project("{FAE04EC0-301F-11D3-BF4B-00C04F79EFBC}") = "mssa_5.4.1", "mssa_5.4.1.csproj", "{F79ADC72-3FC1-4066-826F-D4B386F45514}"
EndProject
Global
	GlobalSection(SolutionConfigurationPlatforms) = preSolution
		Debug|Any CPU = Debug|Any CPU
		Release|Any CPU = Release|Any CPU
	EndGlobalSection
	GlobalSection(ProjectConfigurationPlatforms) = postSolution
		{F79ADC72-3FC1-4066-826F-D4B386F45514}.Debug|Any CPU.ActiveCfg = Debug|Any CPU
		{F79ADC72-3FC1-4066-826F-D4B386F45514}.Debug|Any CPU.Build.0 = Debug|Any CPU
		{F79ADC72-3FC1-4066-826F-D4B386F45514}.Release|Any CPU.ActiveCfg = Release|Any CPU
		{F79ADC72-3FC1-4066-826F-D4B386F45514}.Release|Any CPU.Build.0 = Release|Any CPU
	EndGlobalSection
	GlobalSection(SolutionProperties) = preSolution
		HideSolutionNode = FALSE
	EndGlobalSection
	GlobalSection(ExtensibilityGlobals) = postSolution
		SolutionGuid = {F9D373C6-EECF-48CA-B28F-7ED6F401283A}
	EndGlobalSection
EndGlobal
